
Microsoft Visual Studio Solution File, Format Version 12.00
# Visual Studio Version 16
VisualStudioVersion = 16.0.30011.22
MinimumVisualStudioVersion = 10.0.40219.1
Project("{FAE04EC0-301F-11D3-BF4B-00C04F79EFBC}") = "Thomas.Greg.API", "Thomas.Greg.API\Thomas.Greg.API.csproj", "{0A98DE2E-3206-401A-9802-74F4433D516A}"
EndProject
Project("{FAE04EC0-301F-11D3-BF4B-00C04F79EFBC}") = "Thomas.Greg.Aplicacao", "Thomas.Greg.Aplicacao\Thomas.Greg.Aplicacao.csproj", "{E4413C11-970B-46FE-B730-CED3F0D02B57}"
EndProject
Project("{FAE04EC0-301F-11D3-BF4B-00C04F79EFBC}") = "Thomas.Greg.Data", "Thomas.Greg.Data\Thomas.Greg.Data.csproj", "{3A6F0456-7F34-433C-B82A-1B4720CFC4AE}"
EndProject
Global
	GlobalSection(SolutionConfigurationPlatforms) = preSolution
		Debug|Any CPU = Debug|Any CPU
		Release|Any CPU = Release|Any CPU
	EndGlobalSection
	GlobalSection(ProjectConfigurationPlatforms) = postSolution
		{0A98DE2E-3206-401A-9802-74F4433D516A}.Debug|Any CPU.ActiveCfg = Debug|Any CPU
		{0A98DE2E-3206-401A-9802-74F4433D516A}.Debug|Any CPU.Build.0 = Debug|Any CPU
		{0A98DE2E-3206-401A-9802-74F4433D516A}.Release|Any CPU.ActiveCfg = Release|Any CPU
		{0A98DE2E-3206-401A-9802-74F4433D516A}.Release|Any CPU.Build.0 = Release|Any CPU
		{E4413C11-970B-46FE-B730-CED3F0D02B57}.Debug|Any CPU.ActiveCfg = Debug|Any CPU
		{E4413C11-970B-46FE-B730-CED3F0D02B57}.Debug|Any CPU.Build.0 = Debug|Any CPU
		{E4413C11-970B-46FE-B730-CED3F0D02B57}.Release|Any CPU.ActiveCfg = Release|Any CPU
		{E4413C11-970B-46FE-B730-CED3F0D02B57}.Release|Any CPU.Build.0 = Release|Any CPU
		{3A6F0456-7F34-433C-B82A-1B4720CFC4AE}.Debug|Any CPU.ActiveCfg = Debug|Any CPU
		{3A6F0456-7F34-433C-B82A-1B4720CFC4AE}.Debug|Any CPU.Build.0 = Debug|Any CPU
		{3A6F0456-7F34-433C-B82A-1B4720CFC4AE}.Release|Any CPU.ActiveCfg = Release|Any CPU
		{3A6F0456-7F34-433C-B82A-1B4720CFC4AE}.Release|Any CPU.Build.0 = Release|Any CPU
	EndGlobalSection
	GlobalSection(SolutionProperties) = preSolution
		HideSolutionNode = FALSE
	EndGlobalSection
	GlobalSection(ExtensibilityGlobals) = postSolution
		SolutionGuid = {932E11AE-F95C-430B-B2EF-D77F25413E5E}
	EndGlobalSection
EndGlobal
